// !$*UTF8*$!
{
	archiveVersion = 1;
	classes = {
	};
	objectVersion = 55;
	objects = {

/* Begin PBXBuildFile section */
		6113AC9528AA05F800B60B14 /* AppDelegate.swift in Sources */ = {isa = PBXBuildFile; fileRef = 6113AC9428AA05F800B60B14 /* AppDelegate.swift */; };
		6113AC9728AA05F800B60B14 /* SceneDelegate.swift in Sources */ = {isa = PBXBuildFile; fileRef = 6113AC9628AA05F800B60B14 /* SceneDelegate.swift */; };
		6113AC9C28AA05F800B60B14 /* Main.storyboard in Resources */ = {isa = PBXBuildFile; fileRef = 6113AC9A28AA05F800B60B14 /* Main.storyboard */; };
		6113AC9E28AA05FC00B60B14 /* Assets.xcassets in Resources */ = {isa = PBXBuildFile; fileRef = 6113AC9D28AA05FC00B60B14 /* Assets.xcassets */; };
		6113ACA128AA05FC00B60B14 /* LaunchScreen.storyboard in Resources */ = {isa = PBXBuildFile; fileRef = 6113AC9F28AA05FC00B60B14 /* LaunchScreen.storyboard */; };
		6113ACA928AA101B00B60B14 /* CalendarViewController.swift in Sources */ = {isa = PBXBuildFile; fileRef = 6113ACA828AA101B00B60B14 /* CalendarViewController.swift */; };
		6113ACAB28AA102A00B60B14 /* ToDoListViewController.swift in Sources */ = {isa = PBXBuildFile; fileRef = 6113ACAA28AA102A00B60B14 /* ToDoListViewController.swift */; };
		6113ACAD28AA103100B60B14 /* SettingViewController.swift in Sources */ = {isa = PBXBuildFile; fileRef = 6113ACAC28AA103100B60B14 /* SettingViewController.swift */; };
		6113ACAF28AA103800B60B14 /* MemoViewController.swift in Sources */ = {isa = PBXBuildFile; fileRef = 6113ACAE28AA103800B60B14 /* MemoViewController.swift */; };
		6113ACB128AA1F7900B60B14 /* AddTaskViewController.swift in Sources */ = {isa = PBXBuildFile; fileRef = 6113ACB028AA1F7900B60B14 /* AddTaskViewController.swift */; };
		6113ACB528AA437400B60B14 /* AddMemoViewController.swift in Sources */ = {isa = PBXBuildFile; fileRef = 6113ACB428AA437400B60B14 /* AddMemoViewController.swift */; };
		614398CA28AB1D95006E98B4 /* TodoListTableViewCell.swift in Sources */ = {isa = PBXBuildFile; fileRef = 614398C928AB1D95006E98B4 /* TodoListTableViewCell.swift */; };
		614398CC28AB1EE1006E98B4 /* EventStruct.swift in Sources */ = {isa = PBXBuildFile; fileRef = 614398CB28AB1EE1006E98B4 /* EventStruct.swift */; };
		614398CE28AB27DD006E98B4 /* MemoStruct.swift in Sources */ = {isa = PBXBuildFile; fileRef = 614398CD28AB27DD006E98B4 /* MemoStruct.swift */; };
		614398D028AB4025006E98B4 /* MemoTableViewCell.swift in Sources */ = {isa = PBXBuildFile; fileRef = 614398CF28AB4025006E98B4 /* MemoTableViewCell.swift */; };
		614398D228AB4A2D006E98B4 /* EditMemoViewController.swift in Sources */ = {isa = PBXBuildFile; fileRef = 614398D128AB4A2D006E98B4 /* EditMemoViewController.swift */; };
		614398D428AB600B006E98B4 /* SetPasswordViewController.swift in Sources */ = {isa = PBXBuildFile; fileRef = 614398D328AB600B006E98B4 /* SetPasswordViewController.swift */; };
		614398D628ABA89F006E98B4 /* LockViewController.swift in Sources */ = {isa = PBXBuildFile; fileRef = 614398D528ABA89F006E98B4 /* LockViewController.swift */; };
		E5765583BEF410EBD363B319 /* Pods_myCalander.framework in Frameworks */ = {isa = PBXBuildFile; fileRef = 7383ADF9D4CE7D21D8F27DD4 /* Pods_myCalander.framework */; };
/* End PBXBuildFile section */

/* Begin PBXFileReference section */
		6113AC9128AA05F800B60B14 /* myCalander.app */ = {isa = PBXFileReference; explicitFileType = wrapper.application; includeInIndex = 0; path = myCalander.app; sourceTree = BUILT_PRODUCTS_DIR; };
		6113AC9428AA05F800B60B14 /* AppDelegate.swift */ = {isa = PBXFileReference; lastKnownFileType = sourcecode.swift; path = AppDelegate.swift; sourceTree = "<group>"; };
		6113AC9628AA05F800B60B14 /* SceneDelegate.swift */ = {isa = PBXFileReference; lastKnownFileType = sourcecode.swift; path = SceneDelegate.swift; sourceTree = "<group>"; };
		6113AC9B28AA05F800B60B14 /* Base */ = {isa = PBXFileReference; lastKnownFileType = file.storyboard; name = Base; path = Base.lproj/Main.storyboard; sourceTree = "<group>"; };
		6113AC9D28AA05FC00B60B14 /* Assets.xcassets */ = {isa = PBXFileReference; lastKnownFileType = folder.assetcatalog; path = Assets.xcassets; sourceTree = "<group>"; };
		6113ACA028AA05FC00B60B14 /* Base */ = {isa = PBXFileReference; lastKnownFileType = file.storyboard; name = Base; path = Base.lproj/LaunchScreen.storyboard; sourceTree = "<group>"; };
		6113ACA228AA05FC00B60B14 /* Info.plist */ = {isa = PBXFileReference; lastKnownFileType = text.plist.xml; path = Info.plist; sourceTree = "<group>"; };
		6113ACA828AA101B00B60B14 /* CalendarViewController.swift */ = {isa = PBXFileReference; lastKnownFileType = sourcecode.swift; path = CalendarViewController.swift; sourceTree = "<group>"; };
		6113ACAA28AA102A00B60B14 /* ToDoListViewController.swift */ = {isa = PBXFileReference; lastKnownFileType = sourcecode.swift; path = ToDoListViewController.swift; sourceTree = "<group>"; };
		6113ACAC28AA103100B60B14 /* SettingViewController.swift */ = {isa = PBXFileReference; lastKnownFileType = sourcecode.swift; path = SettingViewController.swift; sourceTree = "<group>"; };
		6113ACAE28AA103800B60B14 /* MemoViewController.swift */ = {isa = PBXFileReference; lastKnownFileType = sourcecode.swift; path = MemoViewController.swift; sourceTree = "<group>"; };
		6113ACB028AA1F7900B60B14 /* AddTaskViewController.swift */ = {isa = PBXFileReference; lastKnownFileType = sourcecode.swift; path = AddTaskViewController.swift; sourceTree = "<group>"; };
		6113ACB428AA437400B60B14 /* AddMemoViewController.swift */ = {isa = PBXFileReference; lastKnownFileType = sourcecode.swift; path = AddMemoViewController.swift; sourceTree = "<group>"; };
		614398C928AB1D95006E98B4 /* TodoListTableViewCell.swift */ = {isa = PBXFileReference; lastKnownFileType = sourcecode.swift; path = TodoListTableViewCell.swift; sourceTree = "<group>"; };
		614398CB28AB1EE1006E98B4 /* EventStruct.swift */ = {isa = PBXFileReference; lastKnownFileType = sourcecode.swift; path = EventStruct.swift; sourceTree = "<group>"; };
		614398CD28AB27DD006E98B4 /* MemoStruct.swift */ = {isa = PBXFileReference; lastKnownFileType = sourcecode.swift; path = MemoStruct.swift; sourceTree = "<group>"; };
		614398CF28AB4025006E98B4 /* MemoTableViewCell.swift */ = {isa = PBXFileReference; lastKnownFileType = sourcecode.swift; path = MemoTableViewCell.swift; sourceTree = "<group>"; };
		614398D128AB4A2D006E98B4 /* EditMemoViewController.swift */ = {isa = PBXFileReference; lastKnownFileType = sourcecode.swift; path = EditMemoViewController.swift; sourceTree = "<group>"; };
		614398D328AB600B006E98B4 /* SetPasswordViewController.swift */ = {isa = PBXFileReference; lastKnownFileType = sourcecode.swift; path = SetPasswordViewController.swift; sourceTree = "<group>"; };
		614398D528ABA89F006E98B4 /* LockViewController.swift */ = {isa = PBXFileReference; lastKnownFileType = sourcecode.swift; path = LockViewController.swift; sourceTree = "<group>"; };
		7383ADF9D4CE7D21D8F27DD4 /* Pods_myCalander.framework */ = {isa = PBXFileReference; explicitFileType = wrapper.framework; includeInIndex = 0; path = Pods_myCalander.framework; sourceTree = BUILT_PRODUCTS_DIR; };
		881E4F63FEA838AF7D4C2B48 /* Pods-myCalander.debug.xcconfig */ = {isa = PBXFileReference; includeInIndex = 1; lastKnownFileType = text.xcconfig; name = "Pods-myCalander.debug.xcconfig"; path = "Target Support Files/Pods-myCalander/Pods-myCalander.debug.xcconfig"; sourceTree = "<group>"; };
		A25B9CC9D09CBCCD7DAFE875 /* Pods-myCalander.release.xcconfig */ = {isa = PBXFileReference; includeInIndex = 1; lastKnownFileType = text.xcconfig; name = "Pods-myCalander.release.xcconfig"; path = "Target Support Files/Pods-myCalander/Pods-myCalander.release.xcconfig"; sourceTree = "<group>"; };
/* End PBXFileReference section */

/* Begin PBXFrameworksBuildPhase section */
		6113AC8E28AA05F800B60B14 /* Frameworks */ = {
			isa = PBXFrameworksBuildPhase;
			buildActionMask = 2147483647;
			files = (
				E5765583BEF410EBD363B319 /* Pods_myCalander.framework in Frameworks */,
			);
			runOnlyForDeploymentPostprocessing = 0;
		};
/* End PBXFrameworksBuildPhase section */

/* Begin PBXGroup section */
		6113AC8828AA05F800B60B14 = {
			isa = PBXGroup;
			children = (
				6113AC9328AA05F800B60B14 /* myCalander */,
				6113AC9228AA05F800B60B14 /* Products */,
				A553A5B04C202CD849A167E6 /* Pods */,
				CB5AC88A38FB2C9C58E4AAC0 /* Frameworks */,
			);
			sourceTree = "<group>";
		};
		6113AC9228AA05F800B60B14 /* Products */ = {
			isa = PBXGroup;
			children = (
				6113AC9128AA05F800B60B14 /* myCalander.app */,
			);
			name = Products;
			sourceTree = "<group>";
		};
		6113AC9328AA05F800B60B14 /* myCalander */ = {
			isa = PBXGroup;
			children = (
				6113AC9428AA05F800B60B14 /* AppDelegate.swift */,
				6113AC9628AA05F800B60B14 /* SceneDelegate.swift */,
				6113AC9A28AA05F800B60B14 /* Main.storyboard */,
				614398CB28AB1EE1006E98B4 /* EventStruct.swift */,
				614398CD28AB27DD006E98B4 /* MemoStruct.swift */,
				614398D528ABA89F006E98B4 /* LockViewController.swift */,
				6113ACA828AA101B00B60B14 /* CalendarViewController.swift */,
				6113ACB028AA1F7900B60B14 /* AddTaskViewController.swift */,
				6113ACAA28AA102A00B60B14 /* ToDoListViewController.swift */,
				614398C928AB1D95006E98B4 /* TodoListTableViewCell.swift */,
				6113ACAE28AA103800B60B14 /* MemoViewController.swift */,
				614398CF28AB4025006E98B4 /* MemoTableViewCell.swift */,
				6113ACB428AA437400B60B14 /* AddMemoViewController.swift */,
				614398D128AB4A2D006E98B4 /* EditMemoViewController.swift */,
				614398D328AB600B006E98B4 /* SetPasswordViewController.swift */,
				6113ACAC28AA103100B60B14 /* SettingViewController.swift */,
				6113AC9D28AA05FC00B60B14 /* Assets.xcassets */,
				6113AC9F28AA05FC00B60B14 /* LaunchScreen.storyboard */,
				6113ACA228AA05FC00B60B14 /* Info.plist */,
			);
			path = myCalander;
			sourceTree = "<group>";
		};
		A553A5B04C202CD849A167E6 /* Pods */ = {
			isa = PBXGroup;
			children = (
				881E4F63FEA838AF7D4C2B48 /* Pods-myCalander.debug.xcconfig */,
				A25B9CC9D09CBCCD7DAFE875 /* Pods-myCalander.release.xcconfig */,
			);
			path = Pods;
			sourceTree = "<group>";
		};
		CB5AC88A38FB2C9C58E4AAC0 /* Frameworks */ = {
			isa = PBXGroup;
			children = (
				7383ADF9D4CE7D21D8F27DD4 /* Pods_myCalander.framework */,
			);
			name = Frameworks;
			sourceTree = "<group>";
		};
/* End PBXGroup section */

/* Begin PBXNativeTarget section */
		6113AC9028AA05F800B60B14 /* myCalander */ = {
			isa = PBXNativeTarget;
			buildConfigurationList = 6113ACA528AA05FC00B60B14 /* Build configuration list for PBXNativeTarget "myCalander" */;
			buildPhases = (
				13F37346B673233C38EF70F1 /* [CP] Check Pods Manifest.lock */,
				6113AC8D28AA05F800B60B14 /* Sources */,
				6113AC8E28AA05F800B60B14 /* Frameworks */,
				6113AC8F28AA05F800B60B14 /* Resources */,
				CF96C325DE252C69C4BC632F /* [CP] Embed Pods Frameworks */,
			);
			buildRules = (
			);
			dependencies = (
			);
			name = myCalander;
			productName = myCalander;
			productReference = 6113AC9128AA05F800B60B14 /* myCalander.app */;
			productType = "com.apple.product-type.application";
		};
/* End PBXNativeTarget section */

/* Begin PBXProject section */
		6113AC8928AA05F800B60B14 /* Project object */ = {
			isa = PBXProject;
			attributes = {
				BuildIndependentTargetsInParallel = 1;
				LastSwiftUpdateCheck = 1340;
				LastUpgradeCheck = 1340;
				TargetAttributes = {
					6113AC9028AA05F800B60B14 = {
						CreatedOnToolsVersion = 13.4.1;
					};
				};
			};
			buildConfigurationList = 6113AC8C28AA05F800B60B14 /* Build configuration list for PBXProject "myCalander" */;
			compatibilityVersion = "Xcode 13.0";
			developmentRegion = en;
			hasScannedForEncodings = 0;
			knownRegions = (
				en,
				Base,
			);
			mainGroup = 6113AC8828AA05F800B60B14;
			productRefGroup = 6113AC9228AA05F800B60B14 /* Products */;
			projectDirPath = "";
			projectRoot = "";
			targets = (
				6113AC9028AA05F800B60B14 /* myCalander */,
			);
		};
/* End PBXProject section */

/* Begin PBXResourcesBuildPhase section */
		6113AC8F28AA05F800B60B14 /* Resources */ = {
			isa = PBXResourcesBuildPhase;
			buildActionMask = 2147483647;
			files = (
				6113ACA128AA05FC00B60B14 /* LaunchScreen.storyboard in Resources */,
				6113AC9E28AA05FC00B60B14 /* Assets.xcassets in Resources */,
				6113AC9C28AA05F800B60B14 /* Main.storyboard in Resources */,
			);
			runOnlyForDeploymentPostprocessing = 0;
		};
/* End PBXResourcesBuildPhase section */

/* Begin PBXShellScriptBuildPhase section */
		13F37346B673233C38EF70F1 /* [CP] Check Pods Manifest.lock */ = {
			isa = PBXShellScriptBuildPhase;
			buildActionMask = 2147483647;
			files = (
			);
			inputFileListPaths = (
			);
			inputPaths = (
				"${PODS_PODFILE_DIR_PATH}/Podfile.lock",
				"${PODS_ROOT}/Manifest.lock",
			);
			name = "[CP] Check Pods Manifest.lock";
			outputFileListPaths = (
			);
			outputPaths = (
				"$(DERIVED_FILE_DIR)/Pods-myCalander-checkManifestLockResult.txt",
			);
			runOnlyForDeploymentPostprocessing = 0;
			shellPath = /bin/sh;
			shellScript = "diff \"${PODS_PODFILE_DIR_PATH}/Podfile.lock\" \"${PODS_ROOT}/Manifest.lock\" > /dev/null\nif [ $? != 0 ] ; then\n    # print error to STDERR\n    echo \"error: The sandbox is not in sync with the Podfile.lock. Run 'pod install' or update your CocoaPods installation.\" >&2\n    exit 1\nfi\n# This output is used by Xcode 'outputs' to avoid re-running this script phase.\necho \"SUCCESS\" > \"${SCRIPT_OUTPUT_FILE_0}\"\n";
			showEnvVarsInLog = 0;
		};
		CF96C325DE252C69C4BC632F /* [CP] Embed Pods Frameworks */ = {
			isa = PBXShellScriptBuildPhase;
			buildActionMask = 2147483647;
			files = (
			);
			inputFileListPaths = (
				"${PODS_ROOT}/Target Support Files/Pods-myCalander/Pods-myCalander-frameworks-${CONFIGURATION}-input-files.xcfilelist",
			);
			name = "[CP] Embed Pods Frameworks";
			outputFileListPaths = (
				"${PODS_ROOT}/Target Support Files/Pods-myCalander/Pods-myCalander-frameworks-${CONFIGURATION}-output-files.xcfilelist",
			);
			runOnlyForDeploymentPostprocessing = 0;
			shellPath = /bin/sh;
			shellScript = "\"${PODS_ROOT}/Target Support Files/Pods-myCalander/Pods-myCalander-frameworks.sh\"\n";
			showEnvVarsInLog = 0;
		};
/* End PBXShellScriptBuildPhase section */

/* Begin PBXSourcesBuildPhase section */
		6113AC8D28AA05F800B60B14 /* Sources */ = {
			isa = PBXSourcesBuildPhase;
			buildActionMask = 2147483647;
			files = (
				614398D228AB4A2D006E98B4 /* EditMemoViewController.swift in Sources */,
				6113ACA928AA101B00B60B14 /* CalendarViewController.swift in Sources */,
				6113AC9528AA05F800B60B14 /* AppDelegate.swift in Sources */,
				6113ACAB28AA102A00B60B14 /* ToDoListViewController.swift in Sources */,
				6113ACAF28AA103800B60B14 /* MemoViewController.swift in Sources */,
				6113ACB528AA437400B60B14 /* AddMemoViewController.swift in Sources */,
				614398D628ABA89F006E98B4 /* LockViewController.swift in Sources */,
				614398D428AB600B006E98B4 /* SetPasswordViewController.swift in Sources */,
				614398CE28AB27DD006E98B4 /* MemoStruct.swift in Sources */,
				6113AC9728AA05F800B60B14 /* SceneDelegate.swift in Sources */,
				614398D028AB4025006E98B4 /* MemoTableViewCell.swift in Sources */,
				6113ACAD28AA103100B60B14 /* SettingViewController.swift in Sources */,
				6113ACB128AA1F7900B60B14 /* AddTaskViewController.swift in Sources */,
				614398CA28AB1D95006E98B4 /* TodoListTableViewCell.swift in Sources */,
				614398CC28AB1EE1006E98B4 /* EventStruct.swift in Sources */,
			);
			runOnlyForDeploymentPostprocessing = 0;
		};
/* End PBXSourcesBuildPhase section */

/* Begin PBXVariantGroup section */
		6113AC9A28AA05F800B60B14 /* Main.storyboard */ = {
			isa = PBXVariantGroup;
			children = (
				6113AC9B28AA05F800B60B14 /* Base */,
			);
			name = Main.storyboard;
			sourceTree = "<group>";
		};
		6113AC9F28AA05FC00B60B14 /* LaunchScreen.storyboard */ = {
			isa = PBXVariantGroup;
			children = (
				6113ACA028AA05FC00B60B14 /* Base */,
			);
			name = LaunchScreen.storyboard;
			sourceTree = "<group>";
		};
/* End PBXVariantGroup section */

/* Begin XCBuildConfiguration section */
		6113ACA328AA05FC00B60B14 /* Debug */ = {
			isa = XCBuildConfiguration;
			buildSettings = {
				ALWAYS_SEARCH_USER_PATHS = NO;
				CLANG_ANALYZER_NONNULL = YES;
				CLANG_ANALYZER_NUMBER_OBJECT_CONVERSION = YES_AGGRESSIVE;
				CLANG_CXX_LANGUAGE_STANDARD = "gnu++17";
				CLANG_ENABLE_MODULES = YES;
				CLANG_ENABLE_OBJC_ARC = YES;
				CLANG_ENABLE_OBJC_WEAK = YES;
				CLANG_WARN_BLOCK_CAPTURE_AUTORELEASING = YES;
				CLANG_WARN_BOOL_CONVERSION = YES;
				CLANG_WARN_COMMA = YES;
				CLANG_WARN_CONSTANT_CONVERSION = YES;
				CLANG_WARN_DEPRECATED_OBJC_IMPLEMENTATIONS = YES;
				CLANG_WARN_DIRECT_OBJC_ISA_USAGE = YES_ERROR;
				CLANG_WARN_DOCUMENTATION_COMMENTS = YES;
				CLANG_WARN_EMPTY_BODY = YES;
				CLANG_WARN_ENUM_CONVERSION = YES;
				CLANG_WARN_INFINITE_RECURSION = YES;
				CLANG_WARN_INT_CONVERSION = YES;
				CLANG_WARN_NON_LITERAL_NULL_CONVERSION = YES;
				CLANG_WARN_OBJC_IMPLICIT_RETAIN_SELF = YES;
				CLANG_WARN_OBJC_LITERAL_CONVERSION = YES;
				CLANG_WARN_OBJC_ROOT_CLASS = YES_ERROR;
				CLANG_WARN_QUOTED_INCLUDE_IN_FRAMEWORK_HEADER = YES;
				CLANG_WARN_RANGE_LOOP_ANALYSIS = YES;
				CLANG_WARN_STRICT_PROTOTYPES = YES;
				CLANG_WARN_SUSPICIOUS_MOVE = YES;
				CLANG_WARN_UNGUARDED_AVAILABILITY = YES_AGGRESSIVE;
				CLANG_WARN_UNREACHABLE_CODE = YES;
				CLANG_WARN__DUPLICATE_METHOD_MATCH = YES;
				COPY_PHASE_STRIP = NO;
				DEBUG_INFORMATION_FORMAT = dwarf;
				ENABLE_STRICT_OBJC_MSGSEND = YES;
				ENABLE_TESTABILITY = YES;
				GCC_C_LANGUAGE_STANDARD = gnu11;
				GCC_DYNAMIC_NO_PIC = NO;
				GCC_NO_COMMON_BLOCKS = YES;
				GCC_OPTIMIZATION_LEVEL = 0;
				GCC_PREPROCESSOR_DEFINITIONS = (
					"DEBUG=1",
					"$(inherited)",
				);
				GCC_WARN_64_TO_32_BIT_CONVERSION = YES;
				GCC_WARN_ABOUT_RETURN_TYPE = YES_ERROR;
				GCC_WARN_UNDECLARED_SELECTOR = YES;
				GCC_WARN_UNINITIALIZED_AUTOS = YES_AGGRESSIVE;
				GCC_WARN_UNUSED_FUNCTION = YES;
				GCC_WARN_UNUSED_VARIABLE = YES;
				IPHONEOS_DEPLOYMENT_TARGET = 15.5;
				MTL_ENABLE_DEBUG_INFO = INCLUDE_SOURCE;
				MTL_FAST_MATH = YES;
				ONLY_ACTIVE_ARCH = YES;
				SDKROOT = iphoneos;
				SWIFT_ACTIVE_COMPILATION_CONDITIONS = DEBUG;
				SWIFT_OPTIMIZATION_LEVEL = "-Onone";
			};
			name = Debug;
		};
		6113ACA428AA05FC00B60B14 /* Release */ = {
			isa = XCBuildConfiguration;
			buildSettings = {
				ALWAYS_SEARCH_USER_PATHS = NO;
				CLANG_ANALYZER_NONNULL = YES;
				CLANG_ANALYZER_NUMBER_OBJECT_CONVERSION = YES_AGGRESSIVE;
				CLANG_CXX_LANGUAGE_STANDARD = "gnu++17";
				CLANG_ENABLE_MODULES = YES;
				CLANG_ENABLE_OBJC_ARC = YES;
				CLANG_ENABLE_OBJC_WEAK = YES;
				CLANG_WARN_BLOCK_CAPTURE_AUTORELEASING = YES;
				CLANG_WARN_BOOL_CONVERSION = YES;
				CLANG_WARN_COMMA = YES;
				CLANG_WARN_CONSTANT_CONVERSION = YES;
				CLANG_WARN_DEPRECATED_OBJC_IMPLEMENTATIONS = YES;
				CLANG_WARN_DIRECT_OBJC_ISA_USAGE = YES_ERROR;
				CLANG_WARN_DOCUMENTATION_COMMENTS = YES;
				CLANG_WARN_EMPTY_BODY = YES;
				CLANG_WARN_ENUM_CONVERSION = YES;
				CLANG_WARN_INFINITE_RECURSION = YES;
				CLANG_WARN_INT_CONVERSION = YES;
				CLANG_WARN_NON_LITERAL_NULL_CONVERSION = YES;
				CLANG_WARN_OBJC_IMPLICIT_RETAIN_SELF = YES;
				CLANG_WARN_OBJC_LITERAL_CONVERSION = YES;
				CLANG_WARN_OBJC_ROOT_CLASS = YES_ERROR;
				CLANG_WARN_QUOTED_INCLUDE_IN_FRAMEWORK_HEADER = YES;
				CLANG_WARN_RANGE_LOOP_ANALYSIS = YES;
				CLANG_WARN_STRICT_PROTOTYPES = YES;
				CLANG_WARN_SUSPICIOUS_MOVE = YES;
				CLANG_WARN_UNGUARDED_AVAILABILITY = YES_AGGRESSIVE;
				CLANG_WARN_UNREACHABLE_CODE = YES;
				CLANG_WARN__DUPLICATE_METHOD_MATCH = YES;
				COPY_PHASE_STRIP = NO;
				DEBUG_INFORMATION_FORMAT = "dwarf-with-dsym";
				ENABLE_NS_ASSERTIONS = NO;
				ENABLE_STRICT_OBJC_MSGSEND = YES;
				GCC_C_LANGUAGE_STANDARD = gnu11;
				GCC_NO_COMMON_BLOCKS = YES;
				GCC_WARN_64_TO_32_BIT_CONVERSION = YES;
				GCC_WARN_ABOUT_RETURN_TYPE = YES_ERROR;
				GCC_WARN_UNDECLARED_SELECTOR = YES;
				GCC_WARN_UNINITIALIZED_AUTOS = YES_AGGRESSIVE;
				GCC_WARN_UNUSED_FUNCTION = YES;
				GCC_WARN_UNUSED_VARIABLE = YES;
				IPHONEOS_DEPLOYMENT_TARGET = 15.5;
				MTL_ENABLE_DEBUG_INFO = NO;
				MTL_FAST_MATH = YES;
				SDKROOT = iphoneos;
				SWIFT_COMPILATION_MODE = wholemodule;
				SWIFT_OPTIMIZATION_LEVEL = "-O";
				VALIDATE_PRODUCT = YES;
			};
			name = Release;
		};
		6113ACA628AA05FC00B60B14 /* Debug */ = {
			isa = XCBuildConfiguration;
			baseConfigurationReference = 881E4F63FEA838AF7D4C2B48 /* Pods-myCalander.debug.xcconfig */;
			buildSettings = {
				ASSETCATALOG_COMPILER_APPICON_NAME = AppIcon;
				ASSETCATALOG_COMPILER_GLOBAL_ACCENT_COLOR_NAME = AccentColor;
				CODE_SIGN_STYLE = Automatic;
				CURRENT_PROJECT_VERSION = 1;
				DEVELOPMENT_TEAM = ZVXH8969VU;
				GENERATE_INFOPLIST_FILE = YES;
				INFOPLIST_FILE = myCalander/Info.plist;
				INFOPLIST_KEY_UIApplicationSupportsIndirectInputEvents = YES;
				INFOPLIST_KEY_UILaunchStoryboardName = LaunchScreen;
				INFOPLIST_KEY_UIMainStoryboardFile = Main;
				INFOPLIST_KEY_UISupportedInterfaceOrientations_iPad = "UIInterfaceOrientationPortrait UIInterfaceOrientationPortraitUpsideDown UIInterfaceOrientationLandscapeLeft UIInterfaceOrientationLandscapeRight";
				INFOPLIST_KEY_UISupportedInterfaceOrientations_iPhone = "UIInterfaceOrientationPortrait UIInterfaceOrientationLandscapeLeft UIInterfaceOrientationLandscapeRight";
				LD_RUNPATH_SEARCH_PATHS = (
					"$(inherited)",
					"@executable_path/Frameworks",
				);
				MARKETING_VERSION = 1.0;
				PRODUCT_BUNDLE_IDENTIFIER = "junga-oh.myCalander";
				PRODUCT_NAME = "$(TARGET_NAME)";
				SWIFT_EMIT_LOC_STRINGS = YES;
				SWIFT_VERSION = 5.0;
				TARGETED_DEVICE_FAMILY = "1,2";
			};
			name = Debug;
		};
		6113ACA728AA05FC00B60B14 /* Release */ = {
			isa = XCBuildConfiguration;
			baseConfigurationReference = A25B9CC9D09CBCCD7DAFE875 /* Pods-myCalander.release.xcconfig */;
			buildSettings = {
				ASSETCATALOG_COMPILER_APPICON_NAME = AppIcon;
				ASSETCATALOG_COMPILER_GLOBAL_ACCENT_COLOR_NAME = AccentColor;
				CODE_SIGN_STYLE = Automatic;
				CURRENT_PROJECT_VERSION = 1;
				DEVELOPMENT_TEAM = ZVXH8969VU;
				GENERATE_INFOPLIST_FILE = YES;
				INFOPLIST_FILE = myCalander/Info.plist;
				INFOPLIST_KEY_UIApplicationSupportsIndirectInputEvents = YES;
				INFOPLIST_KEY_UILaunchStoryboardName = LaunchScreen;
				INFOPLIST_KEY_UIMainStoryboardFile = Main;
				INFOPLIST_KEY_UISupportedInterfaceOrientations_iPad = "UIInterfaceOrientationPortrait UIInterfaceOrientationPortraitUpsideDown UIInterfaceOrientationLandscapeLeft UIInterfaceOrientationLandscapeRight";
				INFOPLIST_KEY_UISupportedInterfaceOrientations_iPhone = "UIInterfaceOrientationPortrait UIInterfaceOrientationLandscapeLeft UIInterfaceOrientationLandscapeRight";
				LD_RUNPATH_SEARCH_PATHS = (
					"$(inherited)",
					"@executable_path/Frameworks",
				);
				MARKETING_VERSION = 1.0;
				PRODUCT_BUNDLE_IDENTIFIER = "junga-oh.myCalander";
				PRODUCT_NAME = "$(TARGET_NAME)";
				SWIFT_EMIT_LOC_STRINGS = YES;
				SWIFT_VERSION = 5.0;
				TARGETED_DEVICE_FAMILY = "1,2";
			};
			name = Release;
		};
/* End XCBuildConfiguration section */

/* Begin XCConfigurationList section */
		6113AC8C28AA05F800B60B14 /* Build configuration list for PBXProject "myCalander" */ = {
			isa = XCConfigurationList;
			buildConfigurations = (
				6113ACA328AA05FC00B60B14 /* Debug */,
				6113ACA428AA05FC00B60B14 /* Release */,
			);
			defaultConfigurationIsVisible = 0;
			defaultConfigurationName = Release;
		};
		6113ACA528AA05FC00B60B14 /* Build configuration list for PBXNativeTarget "myCalander" */ = {
			isa = XCConfigurationList;
			buildConfigurations = (
				6113ACA628AA05FC00B60B14 /* Debug */,
				6113ACA728AA05FC00B60B14 /* Release */,
			);
			defaultConfigurationIsVisible = 0;
			defaultConfigurationName = Release;
		};
/* End XCConfigurationList section */
	};
	rootObject = 6113AC8928AA05F800B60B14 /* Project object */;
}
